
Microsoft Visual Studio Solution File, Format Version 12.00
# Visual Studio 15
VisualStudioVersion = 15.0.26730.16
MinimumVisualStudioVersion = 10.0.40219.1
Project("{FAE04EC0-301F-11D3-BF4B-00C04F79EFBC}") = "ValidateSQL", "ValidateSQL\ValidateSQL.csproj", "{BE1D4D01-F126-4016-9867-E2D224AABE6E}"
EndProject
Global
	GlobalSection(SolutionConfigurationPlatforms) = preSolution
		Debug|Any CPU = Debug|Any CPU
		Release|Any CPU = Release|Any CPU
	EndGlobalSection
	GlobalSection(ProjectConfigurationPlatforms) = postSolution
		{BE1D4D01-F126-4016-9867-E2D224AABE6E}.Debug|Any CPU.ActiveCfg = Debug|Any CPU
		{BE1D4D01-F126-4016-9867-E2D224AABE6E}.Debug|Any CPU.Build.0 = Debug|Any CPU
		{BE1D4D01-F126-4016-9867-E2D224AABE6E}.Release|Any CPU.ActiveCfg = Release|Any CPU
		{BE1D4D01-F126-4016-9867-E2D224AABE6E}.Release|Any CPU.Build.0 = Release|Any CPU
	EndGlobalSection
	GlobalSection(SolutionProperties) = preSolution
		HideSolutionNode = FALSE
	EndGlobalSection
	GlobalSection(ExtensibilityGlobals) = postSolution
		SolutionGuid = {2E4CFAB4-BA48-43C6-9F3D-B46DE1BA65D0}
	EndGlobalSection
EndGlobal
